
Microsoft Visual Studio Solution File, Format Version 12.00
# Visual Studio 15
VisualStudioVersion = 15.0.27703.2042
MinimumVisualStudioVersion = 10.0.40219.1
Project("{FAE04EC0-301F-11D3-BF4B-00C04F79EFBC}") = "MyFunctionApp", "MyFunctionApp\MyFunctionApp.csproj", "{9FCD5DA4-71E9-4FA5-9DCD-FDFBCA6E86D0}"
EndProject
Global
	GlobalSection(SolutionConfigurationPlatforms) = preSolution
		Debug|Any CPU = Debug|Any CPU
		Release|Any CPU = Release|Any CPU
	EndGlobalSection
	GlobalSection(ProjectConfigurationPlatforms) = postSolution
		{9FCD5DA4-71E9-4FA5-9DCD-FDFBCA6E86D0}.Debug|Any CPU.ActiveCfg = Debug|Any CPU
		{9FCD5DA4-71E9-4FA5-9DCD-FDFBCA6E86D0}.Debug|Any CPU.Build.0 = Debug|Any CPU
		{9FCD5DA4-71E9-4FA5-9DCD-FDFBCA6E86D0}.Release|Any CPU.ActiveCfg = Release|Any CPU
		{9FCD5DA4-71E9-4FA5-9DCD-FDFBCA6E86D0}.Release|Any CPU.Build.0 = Release|Any CPU
	EndGlobalSection
	GlobalSection(SolutionProperties) = preSolution
		HideSolutionNode = FALSE
	EndGlobalSection
	GlobalSection(ExtensibilityGlobals) = postSolution
		SolutionGuid = {64E7792D-2AFD-4CCD-B7DC-FE0A7F715450}
	EndGlobalSection
EndGlobal
